PODS:
  - BigInt (5.2.0)
  - CryptoSwift (1.6.0)
  - Go23Web3Swift (0.3.1):
    - BigInt
    - CryptoSwift
    - PromiseKit (~> 6.3.0)
    - secp256k1_ios (~> 0.1.3)
  - PromiseKit (6.3.5):
    - PromiseKit/CorePromise (= 6.3.5)
    - PromiseKit/Foundation (= 6.3.5)
    - PromiseKit/UIKit (= 6.3.5)
  - PromiseKit/CorePromise (6.3.5)
  - PromiseKit/Foundation (6.3.5):
    - PromiseKit/CorePromise
  - PromiseKit/UIKit (6.3.5):
    - PromiseKit/CorePromise
  - secp256k1_ios (0.1.3)

DEPENDENCIES:
  - Go23Web3Swift (from `../`)

SPEC REPOS:
  trunk:
    - BigInt
    - CryptoSwift
    - PromiseKit
    - secp256k1_ios

EXTERNAL SOURCES:
  Go23Web3Swift:
    :path: "../"

SPEC CHECKSUMS:
  BigInt: f668a80089607f521586bbe29513d708491ef2f7
  CryptoSwift: 562f8eceb40e80796fffc668b0cad9313284cfa6
  Go23Web3Swift: afe8fec247aea89e921ff4a26e8dbe39ba5cf7a2
  PromiseKit: 32c36425387e9cfc7f1206f27bfd906d0b53c0d6
  secp256k1_ios: ac9ef04e761f43c58012b28548afa91493761f17

PODFILE CHECKSUM: e16820c5825991212082caf13c3c0213a23ec10a

COCOAPODS: 1.11.3
